// !$*UTF8*$!
{
	archiveVersion = 1;
	classes = {
	};
	objectVersion = 55;
	objects = {

/* Begin PBXBuildFile section */
		D6097AF827B4C25D0001E311 /* AppDelegate.swift in Sources */ = {isa = PBXBuildFile; fileRef = D6097AF727B4C25D0001E311 /* AppDelegate.swift */; };
		D6097AFA27B4C25D0001E311 /* SceneDelegate.swift in Sources */ = {isa = PBXBuildFile; fileRef = D6097AF927B4C25D0001E311 /* SceneDelegate.swift */; };
		D6097AFF27B4C25D0001E311 /* Main.storyboard in Resources */ = {isa = PBXBuildFile; fileRef = D6097AFD27B4C25D0001E311 /* Main.storyboard */; };
		D6097B0127B4C2620001E311 /* Assets.xcassets in Resources */ = {isa = PBXBuildFile; fileRef = D6097B0027B4C2620001E311 /* Assets.xcassets */; };
		D6097B0427B4C2620001E311 /* LaunchScreen.storyboard in Resources */ = {isa = PBXBuildFile; fileRef = D6097B0227B4C2620001E311 /* LaunchScreen.storyboard */; };
		D6097B1827B505B60001E311 /* LogInViewController.swift in Sources */ = {isa = PBXBuildFile; fileRef = D6097B1727B505B60001E311 /* LogInViewController.swift */; };
		D6097B1A27B508740001E311 /* InitViewController.swift in Sources */ = {isa = PBXBuildFile; fileRef = D6097B1927B508740001E311 /* InitViewController.swift */; };
		D6097B1C27B5148A0001E311 /* AccountTableViewController.swift in Sources */ = {isa = PBXBuildFile; fileRef = D6097B1B27B5148A0001E311 /* AccountTableViewController.swift */; };
		D6097B1E27B5161B0001E311 /* HomeCollectionViewController.swift in Sources */ = {isa = PBXBuildFile; fileRef = D6097B1D27B5161B0001E311 /* HomeCollectionViewController.swift */; };
		D6097B2027B517230001E311 /* HomeItemCollectionViewCell.swift in Sources */ = {isa = PBXBuildFile; fileRef = D6097B1F27B517230001E311 /* HomeItemCollectionViewCell.swift */; };
		D6097B2227B51B930001E311 /* Home+Enum.swift in Sources */ = {isa = PBXBuildFile; fileRef = D6097B2127B51B930001E311 /* Home+Enum.swift */; };
		D698946A27B5FD82006860C2 /* WeatherCollectionReusableView.swift in Sources */ = {isa = PBXBuildFile; fileRef = D698946927B5FD82006860C2 /* WeatherCollectionReusableView.swift */; };
		D698946D27B656AB006860C2 /* WeatherFetcher.swift in Sources */ = {isa = PBXBuildFile; fileRef = D698946C27B656AB006860C2 /* WeatherFetcher.swift */; };
		D698946F27B656EE006860C2 /* Weather.swift in Sources */ = {isa = PBXBuildFile; fileRef = D698946E27B656EE006860C2 /* Weather.swift */; };
		D698947327B7E798006860C2 /* HomeCVC+Extension.swift in Sources */ = {isa = PBXBuildFile; fileRef = D698947227B7E798006860C2 /* HomeCVC+Extension.swift */; };
		D698947F27B93091006860C2 /* Ubike.swift in Sources */ = {isa = PBXBuildFile; fileRef = D698947E27B93091006860C2 /* Ubike.swift */; };
		D698948127B933E9006860C2 /* UbikeFetcher.swift in Sources */ = {isa = PBXBuildFile; fileRef = D698948027B933E9006860C2 /* UbikeFetcher.swift */; };
		D698948327B9F036006860C2 /* ViewController+Extension.swift in Sources */ = {isa = PBXBuildFile; fileRef = D698948227B9F036006860C2 /* ViewController+Extension.swift */; };
		D698948527B9F28A006860C2 /* UbikeStationItemTableViewCell.swift in Sources */ = {isa = PBXBuildFile; fileRef = D698948427B9F28A006860C2 /* UbikeStationItemTableViewCell.swift */; };
		D698948727B9F7C8006860C2 /* UbikeStationListViewController.swift in Sources */ = {isa = PBXBuildFile; fileRef = D698948627B9F7C8006860C2 /* UbikeStationListViewController.swift */; };
		D698948927BA294A006860C2 /* UbikeStationListVC+Extension.swift in Sources */ = {isa = PBXBuildFile; fileRef = D698948827BA294A006860C2 /* UbikeStationListVC+Extension.swift */; };
/* End PBXBuildFile section */

/* Begin PBXFileReference section */
		D6097AF427B4C25D0001E311 /* KaohsiungTrafficApp.app */ = {isa = PBXFileReference; explicitFileType = wrapper.application; includeInIndex = 0; path = KaohsiungTrafficApp.app; sourceTree = BUILT_PRODUCTS_DIR; };
		D6097AF727B4C25D0001E311 /* AppDelegate.swift */ = {isa = PBXFileReference; lastKnownFileType = sourcecode.swift; path = AppDelegate.swift; sourceTree = "<group>"; };
		D6097AF927B4C25D0001E311 /* SceneDelegate.swift */ = {isa = PBXFileReference; lastKnownFileType = sourcecode.swift; path = SceneDelegate.swift; sourceTree = "<group>"; };
		D6097AFE27B4C25D0001E311 /* Base */ = {isa = PBXFileReference; lastKnownFileType = file.storyboard; name = Base; path = Base.lproj/Main.storyboard; sourceTree = "<group>"; };
		D6097B0027B4C2620001E311 /* Assets.xcassets */ = {isa = PBXFileReference; lastKnownFileType = folder.assetcatalog; path = Assets.xcassets; sourceTree = "<group>"; };
		D6097B0327B4C2620001E311 /* Base */ = {isa = PBXFileReference; lastKnownFileType = file.storyboard; name = Base; path = Base.lproj/LaunchScreen.storyboard; sourceTree = "<group>"; };
		D6097B0527B4C2620001E311 /* Info.plist */ = {isa = PBXFileReference; lastKnownFileType = text.plist.xml; path = Info.plist; sourceTree = "<group>"; };
		D6097B1727B505B60001E311 /* LogInViewController.swift */ = {isa = PBXFileReference; lastKnownFileType = sourcecode.swift; path = LogInViewController.swift; sourceTree = "<group>"; };
		D6097B1927B508740001E311 /* InitViewController.swift */ = {isa = PBXFileReference; lastKnownFileType = sourcecode.swift; path = InitViewController.swift; sourceTree = "<group>"; };
		D6097B1B27B5148A0001E311 /* AccountTableViewController.swift */ = {isa = PBXFileReference; lastKnownFileType = sourcecode.swift; path = AccountTableViewController.swift; sourceTree = "<group>"; };
		D6097B1D27B5161B0001E311 /* HomeCollectionViewController.swift */ = {isa = PBXFileReference; lastKnownFileType = sourcecode.swift; path = HomeCollectionViewController.swift; sourceTree = "<group>"; };
		D6097B1F27B517230001E311 /* HomeItemCollectionViewCell.swift */ = {isa = PBXFileReference; lastKnownFileType = sourcecode.swift; path = HomeItemCollectionViewCell.swift; sourceTree = "<group>"; };
		D6097B2127B51B930001E311 /* Home+Enum.swift */ = {isa = PBXFileReference; lastKnownFileType = sourcecode.swift; path = "Home+Enum.swift"; sourceTree = "<group>"; };
		D698946927B5FD82006860C2 /* WeatherCollectionReusableView.swift */ = {isa = PBXFileReference; lastKnownFileType = sourcecode.swift; path = WeatherCollectionReusableView.swift; sourceTree = "<group>"; };
		D698946C27B656AB006860C2 /* WeatherFetcher.swift */ = {isa = PBXFileReference; lastKnownFileType = sourcecode.swift; path = WeatherFetcher.swift; sourceTree = "<group>"; };
		D698946E27B656EE006860C2 /* Weather.swift */ = {isa = PBXFileReference; lastKnownFileType = sourcecode.swift; path = Weather.swift; sourceTree = "<group>"; };
		D698947227B7E798006860C2 /* HomeCVC+Extension.swift */ = {isa = PBXFileReference; lastKnownFileType = sourcecode.swift; path = "HomeCVC+Extension.swift"; sourceTree = "<group>"; };
		D698947E27B93091006860C2 /* Ubike.swift */ = {isa = PBXFileReference; lastKnownFileType = sourcecode.swift; path = Ubike.swift; sourceTree = "<group>"; };
		D698948027B933E9006860C2 /* UbikeFetcher.swift */ = {isa = PBXFileReference; lastKnownFileType = sourcecode.swift; path = UbikeFetcher.swift; sourceTree = "<group>"; };
		D698948227B9F036006860C2 /* ViewController+Extension.swift */ = {isa = PBXFileReference; lastKnownFileType = sourcecode.swift; path = "ViewController+Extension.swift"; sourceTree = "<group>"; };
		D698948427B9F28A006860C2 /* UbikeStationItemTableViewCell.swift */ = {isa = PBXFileReference; lastKnownFileType = sourcecode.swift; path = UbikeStationItemTableViewCell.swift; sourceTree = "<group>"; };
		D698948627B9F7C8006860C2 /* UbikeStationListViewController.swift */ = {isa = PBXFileReference; lastKnownFileType = sourcecode.swift; path = UbikeStationListViewController.swift; sourceTree = "<group>"; };
		D698948827BA294A006860C2 /* UbikeStationListVC+Extension.swift */ = {isa = PBXFileReference; lastKnownFileType = sourcecode.swift; path = "UbikeStationListVC+Extension.swift"; sourceTree = "<group>"; };
/* End PBXFileReference section */

/* Begin PBXFrameworksBuildPhase section */
		D6097AF127B4C25D0001E311 /* Frameworks */ = {
			isa = PBXFrameworksBuildPhase;
			buildActionMask = 2147483647;
			files = (
			);
			runOnlyForDeploymentPostprocessing = 0;
		};
/* End PBXFrameworksBuildPhase section */

/* Begin PBXGroup section */
		D6097AEB27B4C25D0001E311 = {
			isa = PBXGroup;
			children = (
				D6097AF627B4C25D0001E311 /* KaohsiungTrafficApp */,
				D6097AF527B4C25D0001E311 /* Products */,
			);
			sourceTree = "<group>";
		};
		D6097AF527B4C25D0001E311 /* Products */ = {
			isa = PBXGroup;
			children = (
				D6097AF427B4C25D0001E311 /* KaohsiungTrafficApp.app */,
			);
			name = Products;
			sourceTree = "<group>";
		};
		D6097AF627B4C25D0001E311 /* KaohsiungTrafficApp */ = {
			isa = PBXGroup;
			children = (
				D6097AF727B4C25D0001E311 /* AppDelegate.swift */,
				D6097AF927B4C25D0001E311 /* SceneDelegate.swift */,
				D6097AFD27B4C25D0001E311 /* Main.storyboard */,
				D698948627B9F7C8006860C2 /* UbikeStationListViewController.swift */,
				D698947827B80871006860C2 /* Models */,
				D698947927B8089A006860C2 /* Views */,
				D698947A27B808BE006860C2 /* Controllers */,
				D698947227B7E798006860C2 /* HomeCVC+Extension.swift */,
				D698948827BA294A006860C2 /* UbikeStationListVC+Extension.swift */,
				D698948227B9F036006860C2 /* ViewController+Extension.swift */,
				D698946C27B656AB006860C2 /* WeatherFetcher.swift */,
				D698948027B933E9006860C2 /* UbikeFetcher.swift */,
				D6097B2127B51B930001E311 /* Home+Enum.swift */,
				D6097B0027B4C2620001E311 /* Assets.xcassets */,
				D6097B0227B4C2620001E311 /* LaunchScreen.storyboard */,
				D6097B0527B4C2620001E311 /* Info.plist */,
			);
			path = KaohsiungTrafficApp;
			sourceTree = "<group>";
		};
		D698946B27B64A06006860C2 /* LogIn */ = {
			isa = PBXGroup;
			children = (
				D6097B1727B505B60001E311 /* LogInViewController.swift */,
				D6097B1B27B5148A0001E311 /* AccountTableViewController.swift */,
			);
			path = LogIn;
			sourceTree = "<group>";
		};
		D698947827B80871006860C2 /* Models */ = {
			isa = PBXGroup;
			children = (
				D698946E27B656EE006860C2 /* Weather.swift */,
				D698947E27B93091006860C2 /* Ubike.swift */,
			);
			path = Models;
			sourceTree = "<group>";
		};
		D698947927B8089A006860C2 /* Views */ = {
			isa = PBXGroup;
			children = (
				D698948427B9F28A006860C2 /* UbikeStationItemTableViewCell.swift */,
				D698946927B5FD82006860C2 /* WeatherCollectionReusableView.swift */,
				D6097B1F27B517230001E311 /* HomeItemCollectionViewCell.swift */,
			);
			path = Views;
			sourceTree = "<group>";
		};
		D698947A27B808BE006860C2 /* Controllers */ = {
			isa = PBXGroup;
			children = (
				D698946B27B64A06006860C2 /* LogIn */,
				D6097B1927B508740001E311 /* InitViewController.swift */,
				D6097B1D27B5161B0001E311 /* HomeCollectionViewController.swift */,
			);
			path = Controllers;
			sourceTree = "<group>";
		};
/* End PBXGroup section */

/* Begin PBXNativeTarget section */
		D6097AF327B4C25D0001E311 /* KaohsiungTrafficApp */ = {
			isa = PBXNativeTarget;
			buildConfigurationList = D6097B0827B4C2620001E311 /* Build configuration list for PBXNativeTarget "KaohsiungTrafficApp" */;
			buildPhases = (
				D6097AF027B4C25D0001E311 /* Sources */,
				D6097AF127B4C25D0001E311 /* Frameworks */,
				D6097AF227B4C25D0001E311 /* Resources */,
			);
			buildRules = (
			);
			dependencies = (
			);
			name = KaohsiungTrafficApp;
			productName = KaohsiungTrafficApp;
			productReference = D6097AF427B4C25D0001E311 /* KaohsiungTrafficApp.app */;
			productType = "com.apple.product-type.application";
		};
/* End PBXNativeTarget section */

/* Begin PBXProject section */
		D6097AEC27B4C25D0001E311 /* Project object */ = {
			isa = PBXProject;
			attributes = {
				BuildIndependentTargetsInParallel = 1;
				LastSwiftUpdateCheck = 1320;
				LastUpgradeCheck = 1320;
				TargetAttributes = {
					D6097AF327B4C25D0001E311 = {
						CreatedOnToolsVersion = 13.2.1;
					};
				};
			};
			buildConfigurationList = D6097AEF27B4C25D0001E311 /* Build configuration list for PBXProject "KaohsiungTrafficApp" */;
			compatibilityVersion = "Xcode 13.0";
			developmentRegion = en;
			hasScannedForEncodings = 0;
			knownRegions = (
				en,
				Base,
			);
			mainGroup = D6097AEB27B4C25D0001E311;
			productRefGroup = D6097AF527B4C25D0001E311 /* Products */;
			projectDirPath = "";
			projectRoot = "";
			targets = (
				D6097AF327B4C25D0001E311 /* KaohsiungTrafficApp */,
			);
		};
/* End PBXProject section */

/* Begin PBXResourcesBuildPhase section */
		D6097AF227B4C25D0001E311 /* Resources */ = {
			isa = PBXResourcesBuildPhase;
			buildActionMask = 2147483647;
			files = (
				D6097B0427B4C2620001E311 /* LaunchScreen.storyboard in Resources */,
				D6097B0127B4C2620001E311 /* Assets.xcassets in Resources */,
				D6097AFF27B4C25D0001E311 /* Main.storyboard in Resources */,
			);
			runOnlyForDeploymentPostprocessing = 0;
		};
/* End PBXResourcesBuildPhase section */

/* Begin PBXSourcesBuildPhase section */
		D6097AF027B4C25D0001E311 /* Sources */ = {
			isa = PBXSourcesBuildPhase;
			buildActionMask = 2147483647;
			files = (
				D698948327B9F036006860C2 /* ViewController+Extension.swift in Sources */,
				D698946F27B656EE006860C2 /* Weather.swift in Sources */,
				D6097B1827B505B60001E311 /* LogInViewController.swift in Sources */,
				D698946A27B5FD82006860C2 /* WeatherCollectionReusableView.swift in Sources */,
				D698947327B7E798006860C2 /* HomeCVC+Extension.swift in Sources */,
				D698947F27B93091006860C2 /* Ubike.swift in Sources */,
				D698948127B933E9006860C2 /* UbikeFetcher.swift in Sources */,
				D6097B1C27B5148A0001E311 /* AccountTableViewController.swift in Sources */,
				D6097B2027B517230001E311 /* HomeItemCollectionViewCell.swift in Sources */,
				D6097AF827B4C25D0001E311 /* AppDelegate.swift in Sources */,
				D6097B2227B51B930001E311 /* Home+Enum.swift in Sources */,
				D698948727B9F7C8006860C2 /* UbikeStationListViewController.swift in Sources */,
				D698948927BA294A006860C2 /* UbikeStationListVC+Extension.swift in Sources */,
				D698946D27B656AB006860C2 /* WeatherFetcher.swift in Sources */,
				D6097B1E27B5161B0001E311 /* HomeCollectionViewController.swift in Sources */,
				D6097B1A27B508740001E311 /* InitViewController.swift in Sources */,
				D698948527B9F28A006860C2 /* UbikeStationItemTableViewCell.swift in Sources */,
				D6097AFA27B4C25D0001E311 /* SceneDelegate.swift in Sources */,
			);
			runOnlyForDeploymentPostprocessing = 0;
		};
/* End PBXSourcesBuildPhase section */

/* Begin PBXVariantGroup section */
		D6097AFD27B4C25D0001E311 /* Main.storyboard */ = {
			isa = PBXVariantGroup;
			children = (
				D6097AFE27B4C25D0001E311 /* Base */,
			);
			name = Main.storyboard;
			sourceTree = "<group>";
		};
		D6097B0227B4C2620001E311 /* LaunchScreen.storyboard */ = {
			isa = PBXVariantGroup;
			children = (
				D6097B0327B4C2620001E311 /* Base */,
			);
			name = LaunchScreen.storyboard;
			sourceTree = "<group>";
		};
/* End PBXVariantGroup section */

/* Begin XCBuildConfiguration section */
		D6097B0627B4C2620001E311 /* Debug */ = {
			isa = XCBuildConfiguration;
			buildSettings = {
				ALWAYS_SEARCH_USER_PATHS = NO;
				CLANG_ANALYZER_NONNULL = YES;
				CLANG_ANALYZER_NUMBER_OBJECT_CONVERSION = YES_AGGRESSIVE;
				CLANG_CXX_LANGUAGE_STANDARD = "gnu++17";
				CLANG_CXX_LIBRARY = "libc++";
				CLANG_ENABLE_MODULES = YES;
				CLANG_ENABLE_OBJC_ARC = YES;
				CLANG_ENABLE_OBJC_WEAK = YES;
				CLANG_WARN_BLOCK_CAPTURE_AUTORELEASING = YES;
				CLANG_WARN_BOOL_CONVERSION = YES;
				CLANG_WARN_COMMA = YES;
				CLANG_WARN_CONSTANT_CONVERSION = YES;
				CLANG_WARN_DEPRECATED_OBJC_IMPLEMENTATIONS = YES;
				CLANG_WARN_DIRECT_OBJC_ISA_USAGE = YES_ERROR;
				CLANG_WARN_DOCUMENTATION_COMMENTS = YES;
				CLANG_WARN_EMPTY_BODY = YES;
				CLANG_WARN_ENUM_CONVERSION = YES;
				CLANG_WARN_INFINITE_RECURSION = YES;
				CLANG_WARN_INT_CONVERSION = YES;
				CLANG_WARN_NON_LITERAL_NULL_CONVERSION = YES;
				CLANG_WARN_OBJC_IMPLICIT_RETAIN_SELF = YES;
				CLANG_WARN_OBJC_LITERAL_CONVERSION = YES;
				CLANG_WARN_OBJC_ROOT_CLASS = YES_ERROR;
				CLANG_WARN_QUOTED_INCLUDE_IN_FRAMEWORK_HEADER = YES;
				CLANG_WARN_RANGE_LOOP_ANALYSIS = YES;
				CLANG_WARN_STRICT_PROTOTYPES = YES;
				CLANG_WARN_SUSPICIOUS_MOVE = YES;
				CLANG_WARN_UNGUARDED_AVAILABILITY = YES_AGGRESSIVE;
				CLANG_WARN_UNREACHABLE_CODE = YES;
				CLANG_WARN__DUPLICATE_METHOD_MATCH = YES;
				COPY_PHASE_STRIP = NO;
				DEBUG_INFORMATION_FORMAT = dwarf;
				ENABLE_STRICT_OBJC_MSGSEND = YES;
				ENABLE_TESTABILITY = YES;
				GCC_C_LANGUAGE_STANDARD = gnu11;
				GCC_DYNAMIC_NO_PIC = NO;
				GCC_NO_COMMON_BLOCKS = YES;
				GCC_OPTIMIZATION_LEVEL = 0;
				GCC_PREPROCESSOR_DEFINITIONS = (
					"DEBUG=1",
					"$(inherited)",
				);
				GCC_WARN_64_TO_32_BIT_CONVERSION = YES;
				GCC_WARN_ABOUT_RETURN_TYPE = YES_ERROR;
				GCC_WARN_UNDECLARED_SELECTOR = YES;
				GCC_WARN_UNINITIALIZED_AUTOS = YES_AGGRESSIVE;
				GCC_WARN_UNUSED_FUNCTION = YES;
				GCC_WARN_UNUSED_VARIABLE = YES;
				IPHONEOS_DEPLOYMENT_TARGET = 15.2;
				MTL_ENABLE_DEBUG_INFO = INCLUDE_SOURCE;
				MTL_FAST_MATH = YES;
				ONLY_ACTIVE_ARCH = YES;
				SDKROOT = iphoneos;
				SWIFT_ACTIVE_COMPILATION_CONDITIONS = DEBUG;
				SWIFT_OPTIMIZATION_LEVEL = "-Onone";
			};
			name = Debug;
		};
		D6097B0727B4C2620001E311 /* Release */ = {
			isa = XCBuildConfiguration;
			buildSettings = {
				ALWAYS_SEARCH_USER_PATHS = NO;
				CLANG_ANALYZER_NONNULL = YES;
				CLANG_ANALYZER_NUMBER_OBJECT_CONVERSION = YES_AGGRESSIVE;
				CLANG_CXX_LANGUAGE_STANDARD = "gnu++17";
				CLANG_CXX_LIBRARY = "libc++";
				CLANG_ENABLE_MODULES = YES;
				CLANG_ENABLE_OBJC_ARC = YES;
				CLANG_ENABLE_OBJC_WEAK = YES;
				CLANG_WARN_BLOCK_CAPTURE_AUTORELEASING = YES;
				CLANG_WARN_BOOL_CONVERSION = YES;
				CLANG_WARN_COMMA = YES;
				CLANG_WARN_CONSTANT_CONVERSION = YES;
				CLANG_WARN_DEPRECATED_OBJC_IMPLEMENTATIONS = YES;
				CLANG_WARN_DIRECT_OBJC_ISA_USAGE = YES_ERROR;
				CLANG_WARN_DOCUMENTATION_COMMENTS = YES;
				CLANG_WARN_EMPTY_BODY = YES;
				CLANG_WARN_ENUM_CONVERSION = YES;
				CLANG_WARN_INFINITE_RECURSION = YES;
				CLANG_WARN_INT_CONVERSION = YES;
				CLANG_WARN_NON_LITERAL_NULL_CONVERSION = YES;
				CLANG_WARN_OBJC_IMPLICIT_RETAIN_SELF = YES;
				CLANG_WARN_OBJC_LITERAL_CONVERSION = YES;
				CLANG_WARN_OBJC_ROOT_CLASS = YES_ERROR;
				CLANG_WARN_QUOTED_INCLUDE_IN_FRAMEWORK_HEADER = YES;
				CLANG_WARN_RANGE_LOOP_ANALYSIS = YES;
				CLANG_WARN_STRICT_PROTOTYPES = YES;
				CLANG_WARN_SUSPICIOUS_MOVE = YES;
				CLANG_WARN_UNGUARDED_AVAILABILITY = YES_AGGRESSIVE;
				CLANG_WARN_UNREACHABLE_CODE = YES;
				CLANG_WARN__DUPLICATE_METHOD_MATCH = YES;
				COPY_PHASE_STRIP = NO;
				DEBUG_INFORMATION_FORMAT = "dwarf-with-dsym";
				ENABLE_NS_ASSERTIONS = NO;
				ENABLE_STRICT_OBJC_MSGSEND = YES;
				GCC_C_LANGUAGE_STANDARD = gnu11;
				GCC_NO_COMMON_BLOCKS = YES;
				GCC_WARN_64_TO_32_BIT_CONVERSION = YES;
				GCC_WARN_ABOUT_RETURN_TYPE = YES_ERROR;
				GCC_WARN_UNDECLARED_SELECTOR = YES;
				GCC_WARN_UNINITIALIZED_AUTOS = YES_AGGRESSIVE;
				GCC_WARN_UNUSED_FUNCTION = YES;
				GCC_WARN_UNUSED_VARIABLE = YES;
				IPHONEOS_DEPLOYMENT_TARGET = 15.2;
				MTL_ENABLE_DEBUG_INFO = NO;
				MTL_FAST_MATH = YES;
				SDKROOT = iphoneos;
				SWIFT_COMPILATION_MODE = wholemodule;
				SWIFT_OPTIMIZATION_LEVEL = "-O";
				VALIDATE_PRODUCT = YES;
			};
			name = Release;
		};
		D6097B0927B4C2620001E311 /* Debug */ = {
			isa = XCBuildConfiguration;
			buildSettings = {
				ASSETCATALOG_COMPILER_APPICON_NAME = AppIcon;
				ASSETCATALOG_COMPILER_GLOBAL_ACCENT_COLOR_NAME = AccentColor;
				CODE_SIGN_STYLE = Automatic;
				CURRENT_PROJECT_VERSION = 1;
				DEVELOPMENT_TEAM = F25SU568R8;
				GENERATE_INFOPLIST_FILE = YES;
				INFOPLIST_FILE = KaohsiungTrafficApp/Info.plist;
				INFOPLIST_KEY_UIApplicationSupportsIndirectInputEvents = YES;
				INFOPLIST_KEY_UILaunchStoryboardName = LaunchScreen;
				INFOPLIST_KEY_UIMainStoryboardFile = Main;
				INFOPLIST_KEY_UISupportedInterfaceOrientations_iPad = "UIInterfaceOrientationPortrait UIInterfaceOrientationPortraitUpsideDown UIInterfaceOrientationLandscapeLeft UIInterfaceOrientationLandscapeRight";
				INFOPLIST_KEY_UISupportedInterfaceOrientations_iPhone = "UIInterfaceOrientationPortrait UIInterfaceOrientationLandscapeLeft UIInterfaceOrientationLandscapeRight";
				LD_RUNPATH_SEARCH_PATHS = (
					"$(inherited)",
					"@executable_path/Frameworks",
				);
				MARKETING_VERSION = 1.0;
				PRODUCT_BUNDLE_IDENTIFIER = learnIOS.KaohsiungTrafficApp;
				PRODUCT_NAME = "$(TARGET_NAME)";
				SWIFT_EMIT_LOC_STRINGS = YES;
				SWIFT_VERSION = 5.0;
				TARGETED_DEVICE_FAMILY = "1,2";
			};
			name = Debug;
		};
		D6097B0A27B4C2620001E311 /* Release */ = {
			isa = XCBuildConfiguration;
			buildSettings = {
				ASSETCATALOG_COMPILER_APPICON_NAME = AppIcon;
				ASSETCATALOG_COMPILER_GLOBAL_ACCENT_COLOR_NAME = AccentColor;
				CODE_SIGN_STYLE = Automatic;
				CURRENT_PROJECT_VERSION = 1;
				DEVELOPMENT_TEAM = F25SU568R8;
				GENERATE_INFOPLIST_FILE = YES;
				INFOPLIST_FILE = KaohsiungTrafficApp/Info.plist;
				INFOPLIST_KEY_UIApplicationSupportsIndirectInputEvents = YES;
				INFOPLIST_KEY_UILaunchStoryboardName = LaunchScreen;
				INFOPLIST_KEY_UIMainStoryboardFile = Main;
				INFOPLIST_KEY_UISupportedInterfaceOrientations_iPad = "UIInterfaceOrientationPortrait UIInterfaceOrientationPortraitUpsideDown UIInterfaceOrientationLandscapeLeft UIInterfaceOrientationLandscapeRight";
				INFOPLIST_KEY_UISupportedInterfaceOrientations_iPhone = "UIInterfaceOrientationPortrait UIInterfaceOrientationLandscapeLeft UIInterfaceOrientationLandscapeRight";
				LD_RUNPATH_SEARCH_PATHS = (
					"$(inherited)",
					"@executable_path/Frameworks",
				);
				MARKETING_VERSION = 1.0;
				PRODUCT_BUNDLE_IDENTIFIER = learnIOS.KaohsiungTrafficApp;
				PRODUCT_NAME = "$(TARGET_NAME)";
				SWIFT_EMIT_LOC_STRINGS = YES;
				SWIFT_VERSION = 5.0;
				TARGETED_DEVICE_FAMILY = "1,2";
			};
			name = Release;
		};
/* End XCBuildConfiguration section */

/* Begin XCConfigurationList section */
		D6097AEF27B4C25D0001E311 /* Build configuration list for PBXProject "KaohsiungTrafficApp" */ = {
			isa = XCConfigurationList;
			buildConfigurations = (
				D6097B0627B4C2620001E311 /* Debug */,
				D6097B0727B4C2620001E311 /* Release */,
			);
			defaultConfigurationIsVisible = 0;
			defaultConfigurationName = Release;
		};
		D6097B0827B4C2620001E311 /* Build configuration list for PBXNativeTarget "KaohsiungTrafficApp" */ = {
			isa = XCConfigurationList;
			buildConfigurations = (
				D6097B0927B4C2620001E311 /* Debug */,
				D6097B0A27B4C2620001E311 /* Release */,
			);
			defaultConfigurationIsVisible = 0;
			defaultConfigurationName = Release;
		};
/* End XCConfigurationList section */
	};
	rootObject = D6097AEC27B4C25D0001E311 /* Project object */;
}
